{
  "name": "nbb-npm-caxa",
  "version": "1.0.0",
  "lockfileVersion": 2,
  "requires": true,
  "packages": {
    "": {
      "name": "nbb-npm-caxa",
      "version": "1.0.0",
      "license": "Eclipse Public License - v 2.0",
      "dependencies": {
        "nbb": "^0.3.6",
        "readline-sync": "^1.4.10"
      }
    },
    "node_modules/nbb": {
      "version": "0.3.6",
      "resolved": "https://registry.npmjs.org/nbb/-/nbb-0.3.6.tgz",
      "integrity": "sha512-hcOZQFfNpKOp7fe0+axZ/vJc7SwciVzO8+t5A+Wyp/KIC6ljr6xF6ESHE2cDU84vdbcw2D/kO/8b5SZc85+1VA==",
      "bin": {
        "nbb": "lib/nbb_main.js"
      }
    },
    "node_modules/readline-sync": {
      "version": "1.4.10",
      "resolved": "https://registry.npmjs.org/readline-sync/-/readline-sync-1.4.10.tgz",
      "integrity": "sha512-gNva8/6UAe8QYepIQH/jQ2qn91Qj0B9sYjMBBs3QOB8F2CXcKgLxQaJRP76sWVRQt+QU+8fAkCbCvjjMFu7Ycw==",
      "engines": {
        "node": ">= 0.8.0"
      }
    }
  },
  "dependencies": {
    "nbb": {
      "version": "0.3.6",
      "resolved": "https://registry.npmjs.org/nbb/-/nbb-0.3.6.tgz",
      "integrity": "sha512-hcOZQFfNpKOp7fe0+axZ/vJc7SwciVzO8+t5A+Wyp/KIC6ljr6xF6ESHE2cDU84vdbcw2D/kO/8b5SZc85+1VA=="
    },
    "readline-sync": {
      "version": "1.4.10",
      "resolved": "https://registry.npmjs.org/readline-sync/-/readline-sync-1.4.10.tgz",
      "integrity": "sha512-gNva8/6UAe8QYepIQH/jQ2qn91Qj0B9sYjMBBs3QOB8F2CXcKgLxQaJRP76sWVRQt+QU+8fAkCbCvjjMFu7Ycw=="
    }
  }
}
